
Microsoft Visual Studio Solution File, Format Version 12.00
# Visual Studio 2013
VisualStudioVersion = 12.0.21005.1
MinimumVisualStudioVersion = 10.0.40219.1
Project("{FAE04EC0-301F-11D3-BF4B-00C04F79EFBC}") = "mainform", "mainform\mainform.csproj", "{991A0991-FBE9-4910-A804-84ED569BC01C}"
EndProject
Project("{54435603-DBB4-11D2-8724-00A0C9A8B90C}") = "Setup", "Setup\Setup.vdproj", "{BB9F1A67-EF2B-40B6-9221-B9A8ACCAD8EC}"
EndProject
Project("{54435603-DBB4-11D2-8724-00A0C9A8B90C}") = "SetUp1", "SetUp1\SetUp1.vdproj", "{4A5BDEF9-07E5-4719-9E01-195E5A4D0667}"
EndProject
Global
	GlobalSection(SolutionConfigurationPlatforms) = preSolution
		Debug|Any CPU = Debug|Any CPU
		Release|Any CPU = Release|Any CPU
	EndGlobalSection
	GlobalSection(ProjectConfigurationPlatforms) = postSolution
		{991A0991-FBE9-4910-A804-84ED569BC01C}.Debug|Any CPU.ActiveCfg = Debug|Any CPU
		{991A0991-FBE9-4910-A804-84ED569BC01C}.Debug|Any CPU.Build.0 = Debug|Any CPU
		{991A0991-FBE9-4910-A804-84ED569BC01C}.Release|Any CPU.ActiveCfg = Release|Any CPU
		{991A0991-FBE9-4910-A804-84ED569BC01C}.Release|Any CPU.Build.0 = Release|Any CPU
		{BB9F1A67-EF2B-40B6-9221-B9A8ACCAD8EC}.Debug|Any CPU.ActiveCfg = Debug
		{BB9F1A67-EF2B-40B6-9221-B9A8ACCAD8EC}.Release|Any CPU.ActiveCfg = Release
		{4A5BDEF9-07E5-4719-9E01-195E5A4D0667}.Debug|Any CPU.ActiveCfg = Debug
		{4A5BDEF9-07E5-4719-9E01-195E5A4D0667}.Release|Any CPU.ActiveCfg = Release
	EndGlobalSection
	GlobalSection(SolutionProperties) = preSolution
		HideSolutionNode = FALSE
	EndGlobalSection
EndGlobal
